
Microsoft Visual Studio Solution File, Format Version 12.00
# Visual Studio Version 16
VisualStudioVersion = 16.0.29025.244
MinimumVisualStudioVersion = 10.0.40219.1
Project("{2150E333-8FDC-42A3-9474-1A3956D46DE8}") = "Microservices", "Microservices", "{A27CD87C-49F6-4E38-8C1C-59760648461F}"
EndProject
Project("{2150E333-8FDC-42A3-9474-1A3956D46DE8}") = "Domain", "Domain", "{9778F5EA-12CB-4E86-B6D4-69CFCAC0FADE}"
EndProject
Project("{2150E333-8FDC-42A3-9474-1A3956D46DE8}") = "Infras.IoC", "Infras.IoC", "{692B4D35-6ECA-4EA4-942A-D6DC4A5BDE3F}"
EndProject
Project("{2150E333-8FDC-42A3-9474-1A3956D46DE8}") = "Infras.Bus", "Infras.Bus", "{A97834AE-E1A8-465B-B324-CE544AFB0EE8}"
EndProject
Project("{2150E333-8FDC-42A3-9474-1A3956D46DE8}") = "Presentation", "Presentation", "{4C707A1D-D0FC-4001-B4FA-85E15CF41A91}"
EndProject
Project("{9A19103F-16F7-4668-BE54-9A1E7A4F7556}") = "MicoRabbit.Domain.Core", "MicoRabbit.Domain.Core\MicoRabbit.Domain.Core.csproj", "{355AF9D6-3045-48BC-9F1E-0DEDFCC4C3F2}"
EndProject
Project("{FAE04EC0-301F-11D3-BF4B-00C04F79EFBC}") = "MicroRabbit.Infra.Bus", "MicroRabbit.Infra.Bus\MicroRabbit.Infra.Bus.csproj", "{99C8CD1D-4413-4169-A0B4-2FF14AB18BFD}"
EndProject
Global
	GlobalSection(SolutionConfigurationPlatforms) = preSolution
		Debug|Any CPU = Debug|Any CPU
		Release|Any CPU = Release|Any CPU
	EndGlobalSection
	GlobalSection(ProjectConfigurationPlatforms) = postSolution
		{355AF9D6-3045-48BC-9F1E-0DEDFCC4C3F2}.Debug|Any CPU.ActiveCfg = Debug|Any CPU
		{355AF9D6-3045-48BC-9F1E-0DEDFCC4C3F2}.Debug|Any CPU.Build.0 = Debug|Any CPU
		{355AF9D6-3045-48BC-9F1E-0DEDFCC4C3F2}.Release|Any CPU.ActiveCfg = Release|Any CPU
		{355AF9D6-3045-48BC-9F1E-0DEDFCC4C3F2}.Release|Any CPU.Build.0 = Release|Any CPU
		{99C8CD1D-4413-4169-A0B4-2FF14AB18BFD}.Debug|Any CPU.ActiveCfg = Debug|Any CPU
		{99C8CD1D-4413-4169-A0B4-2FF14AB18BFD}.Debug|Any CPU.Build.0 = Debug|Any CPU
		{99C8CD1D-4413-4169-A0B4-2FF14AB18BFD}.Release|Any CPU.ActiveCfg = Release|Any CPU
		{99C8CD1D-4413-4169-A0B4-2FF14AB18BFD}.Release|Any CPU.Build.0 = Release|Any CPU
	EndGlobalSection
	GlobalSection(SolutionProperties) = preSolution
		HideSolutionNode = FALSE
	EndGlobalSection
	GlobalSection(NestedProjects) = preSolution
		{355AF9D6-3045-48BC-9F1E-0DEDFCC4C3F2} = {9778F5EA-12CB-4E86-B6D4-69CFCAC0FADE}
		{99C8CD1D-4413-4169-A0B4-2FF14AB18BFD} = {A97834AE-E1A8-465B-B324-CE544AFB0EE8}
	EndGlobalSection
	GlobalSection(ExtensibilityGlobals) = postSolution
		SolutionGuid = {1940CC23-7008-49DD-AA42-10EEB78D2DE2}
	EndGlobalSection
EndGlobal
